
Microsoft Visual Studio Solution File, Format Version 12.00
# Visual Studio 2013
VisualStudioVersion = 12.0.21005.1
MinimumVisualStudioVersion = 10.0.40219.1
Project("{FAE04EC0-301F-11D3-BF4B-00C04F79EFBC}") = "SimpleCalculator", "Calculator\SimpleCalculator.csproj", "{D9EB86E4-F05E-4D7A-840B-C43FBFA4BA2A}"
EndProject
Project("{FAE04EC0-301F-11D3-BF4B-00C04F79EFBC}") = "SimpleCalculatorTests", "CalculatorTests\SimpleCalculatorTests.csproj", "{947057C4-4C08-44EA-9B54-00661D24148B}"
EndProject
Global
	GlobalSection(SolutionConfigurationPlatforms) = preSolution
		Debug|Any CPU = Debug|Any CPU
		Release|Any CPU = Release|Any CPU
	EndGlobalSection
	GlobalSection(ProjectConfigurationPlatforms) = postSolution
		{D9EB86E4-F05E-4D7A-840B-C43FBFA4BA2A}.Debug|Any CPU.ActiveCfg = Debug|Any CPU
		{D9EB86E4-F05E-4D7A-840B-C43FBFA4BA2A}.Debug|Any CPU.Build.0 = Debug|Any CPU
		{D9EB86E4-F05E-4D7A-840B-C43FBFA4BA2A}.Release|Any CPU.ActiveCfg = Release|Any CPU
		{D9EB86E4-F05E-4D7A-840B-C43FBFA4BA2A}.Release|Any CPU.Build.0 = Release|Any CPU
		{947057C4-4C08-44EA-9B54-00661D24148B}.Debug|Any CPU.ActiveCfg = Debug|Any CPU
		{947057C4-4C08-44EA-9B54-00661D24148B}.Debug|Any CPU.Build.0 = Debug|Any CPU
		{947057C4-4C08-44EA-9B54-00661D24148B}.Release|Any CPU.ActiveCfg = Release|Any CPU
		{947057C4-4C08-44EA-9B54-00661D24148B}.Release|Any CPU.Build.0 = Release|Any CPU
	EndGlobalSection
	GlobalSection(SolutionProperties) = preSolution
		HideSolutionNode = FALSE
	EndGlobalSection
EndGlobal
